%{
  "connection": {:hex, :connection, "1.1.0", "ff2a49c4b75b6fb3e674bfc5536451607270aac754ffd1bdfe175abe4a6d7a68", [:mix], [], "hexpm", "722c1eb0a418fbe91ba7bd59a47e28008a189d47e37e0e7bb85585a016b2869c"},
  "crc32cer": {:hex, :crc32cer, "1.1.4", "a68db8211c672a8b9aae2eaba8054b87758230ab0c0fdaec98c3fa84da27436d", [:rebar3], [], "hexpm", "c3ef862a426e5f90af8518dc8b327bdd1d1d32b7ca58fb8025103d826d710837"},
  "ex_aws": {:hex, :ex_aws, "2.7.0", "e6bfd4b5fb8c791aa6c7d57fc7c45f050bb89de9576f1f6104aa974b234c01ec", [:mix], [{:configparser_ex, "~> 5.0", [hex: :configparser_ex, repo: "hexpm", optional: true]}, {:hackney, "~> 4.0", [hex: :hackney, repo: "hexpm", optional: true]}, {:jason, "~> 1.1", [hex: :jason, repo: "hexpm", optional: true]}, {:jsx, "~> 2.8 or ~> 3.0", [hex: :jsx, repo: "hexpm", optional: true]}, {:mime, "~> 1.2 or ~> 2.0", [hex: :mime, repo: "hexpm", optional: false]}, {:req, "~> 0.5.10 or ~> 0.6 or ~> 1.0", [hex: :req, repo: "hexpm", optional: true]}, {:sweet_xml, "~> 0.7", [hex: :sweet_xml, repo: "hexpm", optional: true]}, {:telemetry, "~> 0.4.3 or ~> 1.0", [hex: :telemetry, repo: "hexpm", optional: false]}], "hexpm", "bfe9d744d4fd4c1f40314ee7fab504d5547d1f01cd377fff1568cbe630b06d65"},
  "ex_aws_sqs": {:hex, :ex_aws_sqs, "3.4.0", "f7c4d0177c1c954776363d3dc05e5dfd37ddf0e2c65ec3f047e5c9c7dd1b71ac", [:mix], [{:ex_aws, "~> 2.1", [hex: :ex_aws, repo: "hexpm", optional: false]}, {:hackney, "~> 1.9", [hex: :hackney, repo: "hexpm", optional: true]}, {:jason, "~> 1.1", [hex: :jason, repo: "hexpm", optional: true]}, {:saxy, "~> 1.1", [hex: :saxy, repo: "hexpm", optional: true]}, {:sweet_xml, ">= 0.0.0", [hex: :sweet_xml, repo: "hexpm", optional: true]}], "hexpm", "b504482206ccaf767b714888e9d41a1cfcdcb241577985517114191c812f155a"},
  "jason": {:hex, :jason, "1.4.5", "2e3a008590b0b8d7388c20293e9dcc9cf3e5d642fd2a114e4cbbb52e595d940a", [:mix], [{:decimal, "~> 1.0 or ~> 2.0 or ~> 3.0", [hex: :decimal, repo: "hexpm", optional: true]}], "hexpm", "b0c823996102bcd0239b3c2444eb00409b72f6a140c1950bc8b457d836b30684"},
  "kafka_ex": {:hex, :kafka_ex, "1.1.1", "eaad2f852049d2a0b1b1bcb49dda005845ad7d7c565de2e08fb778a85c88f6b9", [:mix], [{:aws_credentials, "~> 1.0", [hex: :aws_credentials, repo: "hexpm", optional: true]}, {:aws_signature, "~> 0.4.2", [hex: :aws_signature, repo: "hexpm", optional: true]}, {:ezstd, "~> 1.0", [hex: :ezstd, repo: "hexpm", optional: true]}, {:jason, "~> 1.0", [hex: :jason, repo: "hexpm", optional: true]}, {:kayrock, "~> 1.0", [hex: :kayrock, repo: "hexpm", optional: false]}, {:lz4b, "~> 0.0.13", [hex: :lz4b, repo: "hexpm", optional: true]}, {:snappyer, "~> 1.2", [hex: :snappyer, repo: "hexpm", optional: true]}, {:telemetry, "~> 1.2", [hex: :telemetry, repo: "hexpm", optional: false]}], "hexpm", "886d1ce93e78ac671a9bd5d64762f0a03f2d9843b7b77ca9bbbc5fa298ff2c0f"},
  "kayrock": {:hex, :kayrock, "1.0.0", "23dc406938e8f67d0a57bbcbc74917b4e59f212447c7a5af44534d42e50424a8", [:mix], [{:connection, "~> 1.1", [hex: :connection, repo: "hexpm", optional: false]}, {:crc32cer, "~> 1.1.0", [hex: :crc32cer, repo: "hexpm", optional: false]}, {:ezstd, "~> 1.0", [hex: :ezstd, repo: "hexpm", optional: true]}, {:lz4b, "~> 0.0.13", [hex: :lz4b, repo: "hexpm", optional: true]}, {:snappyer, "~> 1.2", [hex: :snappyer, repo: "hexpm", optional: true]}, {:varint, "~> 1.2", [hex: :varint, repo: "hexpm", optional: false]}], "hexpm", "22faab2308cf4ba836b8787ab05d64763daa0f7a44351881b4260bb4861fdd56"},
  "mime": {:hex, :mime, "2.0.7", "b8d739037be7cd402aee1ba0306edfdef982687ee7e9859bee6198c1e7e2f128", [:mix], [], "hexpm", "6171188e399ee16023ffc5b76ce445eb6d9672e2e241d2df6050f3c771e80ccd"},
  "telemetry": {:hex, :telemetry, "1.4.2", "a0cb522801dffb1c49fe6e30561badffc7b6d0e180db1300df759faa22062855", [:rebar3], [], "hexpm", "928f6495066506077862c0d1646609eed891a4326bee3126ba54b60af61febb1"},
  "varint": {:hex, :varint, "1.6.0", "7bced828599b2eb84491a9f067f8a5a67fc35a946d3b7582278083c7fd434b00", [:mix], [], "hexpm", "2b4f4a20650aeebe993a70b03bb99571bcbddc27c361322c28b586d8a772ce4e"},
  "websockex": {:hex, :websockex, "0.5.1", "9de28d37bbe34f371eb46e29b79c94c94fff79f93c960d842fbf447253558eb4", [:mix], [{:telemetry, "~> 1.0", [hex: :telemetry, repo: "hexpm", optional: false]}], "hexpm", "8ef39576ed56bc3804c9cd8626f8b5d6b5721848d2726c0ccd4f05385a3c9f14"},
  "yamerl": {:hex, :yamerl, "0.10.0", "4ff81fee2f1f6a46f1700c0d880b24d193ddb74bd14ef42cb0bcf46e81ef2f8e", [:rebar3], [], "hexpm", "346adb2963f1051dc837a2364e4acf6eb7d80097c0f53cbdc3046ec8ec4b4e6e"},
  "yaml_elixir": {:hex, :yaml_elixir, "2.12.2", "9dd1330fb4cd9a36a7b0f502e5b12486eff632792ee4a5f0eba52a4d4ec32c9c", [:mix], [{:yamerl, "~> 0.10", [hex: :yamerl, repo: "hexpm", optional: false]}], "hexpm", "e7c1b10122f973e6558462d51c39026ba0e14afbc6745318e990ea82cfe9e159"},
}
